
Microsoft Visual Studio Solution File, Format Version 12.00
# Visual Studio Version 16
VisualStudioVersion = 16.0.30804.86
MinimumVisualStudioVersion = 10.0.40219.1
Project("{FAE04EC0-301F-11D3-BF4B-00C04F79EFBC}") = "TodosWebApi.WebApi", "TodosWebApi.WebApi\TodosWebApi.WebApi.csproj", "{DF00AD45-9EE2-453F-A32F-E9DE99BEA95E}"
EndProject
Global
	GlobalSection(SolutionConfigurationPlatforms) = preSolution
		Debug|Any CPU = Debug|Any CPU
		Release|Any CPU = Release|Any CPU
	EndGlobalSection
	GlobalSection(ProjectConfigurationPlatforms) = postSolution
		{DF00AD45-9EE2-453F-A32F-E9DE99BEA95E}.Debug|Any CPU.ActiveCfg = Debug|Any CPU
		{DF00AD45-9EE2-453F-A32F-E9DE99BEA95E}.Debug|Any CPU.Build.0 = Debug|Any CPU
		{DF00AD45-9EE2-453F-A32F-E9DE99BEA95E}.Release|Any CPU.ActiveCfg = Release|Any CPU
		{DF00AD45-9EE2-453F-A32F-E9DE99BEA95E}.Release|Any CPU.Build.0 = Release|Any CPU
	EndGlobalSection
	GlobalSection(SolutionProperties) = preSolution
		HideSolutionNode = FALSE
	EndGlobalSection
	GlobalSection(ExtensibilityGlobals) = postSolution
		SolutionGuid = {AFAAC20B-A3F9-4D55-A4A2-03CAB7C8DBC8}
	EndGlobalSection
EndGlobal
